{
  "lockfile-version": 0,
  "manifest": {
    "hook": {},
    "install": {
      "act": {
        "pkg-path": "act"
      },
      "alembic": {
        "pkg-path": "python311Packages.alembic"
      },
      "beautifulsoup4": {
        "pkg-path": "python311Packages.beautifulsoup4"
      },
      "flask": {
        "pkg-path": "python311Packages.flask"
      },
      "flask-cors": {
        "pkg-path": "python311Packages.flask-cors"
      },
      "flask-restful": {
        "pkg-path": "python311Packages.flask-restful"
      },
      "flask-sqlalchemy": {
        "pkg-path": "python311Packages.flask-sqlalchemy"
      },
      "gnumake": {
        "pkg-path": "gnumake"
      },
      "http-server": {
        "pkg-path": "nodePackages.http-server"
      },
      "moreutils": {
        "pkg-path": "moreutils"
      },
      "openapi-generator-cli": {
        "pkg-path": "openapi-generator-cli"
      },
      "pdm": {
        "pkg-path": "pdm"
      },
      "pip": {
        "pkg-path": "python311Packages.pip"
      },
      "pre-commit": {
        "pkg-path": "pre-commit"
      },
      "pycountry": {
        "pkg-path": "python311Packages.pycountry"
      },
      "pytest": {
        "pkg-path": "python311Packages.pytest"
      },
      "python311": {
        "pkg-path": "python311"
      },
      "requests": {
        "pkg-path": "python311Packages.requests"
      },
      "sqlalchemy": {
        "pkg-path": "python311Packages.sqlalchemy"
      },
      "sqlite": {
        "pkg-path": "sqlite"
      }
    },
    "options": {
      "systems": [
        "x86_64-darwin",
        "aarch64-darwin"
      ]
    },
    "registry": {
      "defaults": {
        "subtrees": null
      },
      "inputs": {
        "nixpkgs": {
          "from": {
            "owner": "NixOS",
            "ref": "release-23.11",
            "repo": "nixpkgs",
            "type": "github"
          },
          "subtrees": [
            "legacyPackages"
          ]
        }
      },
      "priority": [
        "nixpkgs"
      ]
    },
    "vars": {}
  },
  "packages": {
    "aarch64-darwin": {
      "act": {
        "attr-path": [
          "legacyPackages",
          "aarch64-darwin",
          "act"
        ],
        "info": {
          "broken": false,
          "description": "Run your GitHub Actions locally",
          "license": "MIT",
          "pname": "act",
          "unfree": false,
          "version": "0.2.54"
        },
        "input": {
          "attrs": {
            "lastModified": 1716576784,
            "narHash": "sha256-zLNbgqclRnQdhp/uw7v0SnSRC9KPECJRMxuxXeWOdkw=",
            "owner": "NixOS",
            "repo": "nixpkgs",
            "rev": "060b6d4e71327fc1870f7759fc6980cadc17601c",
            "type": "github"
          },
          "fingerprint": "008ff148973bd338c38cd51c2096fada84e3f9df0517c51562fdadf315a845f5",
          "url": "github:NixOS/nixpkgs/060b6d4e71327fc1870f7759fc6980cadc17601c"
        },
        "priority": 5
      },
      "alembic": {
        "attr-path": [
          "legacyPackages",
          "aarch64-darwin",
          "python311Packages",
          "alembic"
        ],
        "info": {
          "broken": false,
          "description": "A database migration tool for SQLAlchemy",
          "license": "MIT",
          "pname": "alembic",
          "unfree": false,
          "version": "1.12.0"
        },
        "input": {
          "attrs": {
            "lastModified": 1716576784,
            "narHash": "sha256-zLNbgqclRnQdhp/uw7v0SnSRC9KPECJRMxuxXeWOdkw=",
            "owner": "NixOS",
            "repo": "nixpkgs",
            "rev": "060b6d4e71327fc1870f7759fc6980cadc17601c",
            "type": "github"
          },
          "fingerprint": "008ff148973bd338c38cd51c2096fada84e3f9df0517c51562fdadf315a845f5",
          "url": "github:NixOS/nixpkgs/060b6d4e71327fc1870f7759fc6980cadc17601c"
        },
        "priority": 5
      },
      "beautifulsoup4": {
        "attr-path": [
          "legacyPackages",
          "aarch64-darwin",
          "python311Packages",
          "beautifulsoup4"
        ],
        "info": {
          "broken": false,
          "description": "HTML and XML parser",
          "license": "MIT",
          "pname": "beautifulsoup4",
          "unfree": false,
          "version": "4.12.2"
        },
        "input": {
          "attrs": {
            "lastModified": 1716576784,
            "narHash": "sha256-zLNbgqclRnQdhp/uw7v0SnSRC9KPECJRMxuxXeWOdkw=",
            "owner": "NixOS",
            "repo": "nixpkgs",
            "rev": "060b6d4e71327fc1870f7759fc6980cadc17601c",
            "type": "github"
          },
          "fingerprint": "008ff148973bd338c38cd51c2096fada84e3f9df0517c51562fdadf315a845f5",
          "url": "github:NixOS/nixpkgs/060b6d4e71327fc1870f7759fc6980cadc17601c"
        },
        "priority": 5
      },
      "flask": {
        "attr-path": [
          "legacyPackages",
          "aarch64-darwin",
          "python311Packages",
          "flask"
        ],
        "info": {
          "broken": false,
          "description": "The Python micro framework for building web applications",
          "license": "BSD-3-Clause",
          "pname": "flask",
          "unfree": false,
          "version": "2.3.3"
        },
        "input": {
          "attrs": {
            "lastModified": 1716576784,
            "narHash": "sha256-zLNbgqclRnQdhp/uw7v0SnSRC9KPECJRMxuxXeWOdkw=",
            "owner": "NixOS",
            "repo": "nixpkgs",
            "rev": "060b6d4e71327fc1870f7759fc6980cadc17601c",
            "type": "github"
          },
          "fingerprint": "008ff148973bd338c38cd51c2096fada84e3f9df0517c51562fdadf315a845f5",
          "url": "github:NixOS/nixpkgs/060b6d4e71327fc1870f7759fc6980cadc17601c"
        },
        "priority": 5
      },
      "flask-cors": {
        "attr-path": [
          "legacyPackages",
          "aarch64-darwin",
          "python311Packages",
          "flask-cors"
        ],
        "info": {
          "broken": false,
          "description": "A Flask extension adding a decorator for CORS support",
          "license": null,
          "pname": "flask-cors",
          "unfree": false,
          "version": "4.0.0"
        },
        "input": {
          "attrs": {
            "lastModified": 1716576784,
            "narHash": "sha256-zLNbgqclRnQdhp/uw7v0SnSRC9KPECJRMxuxXeWOdkw=",
            "owner": "NixOS",
            "repo": "nixpkgs",
            "rev": "060b6d4e71327fc1870f7759fc6980cadc17601c",
            "type": "github"
          },
          "fingerprint": "008ff148973bd338c38cd51c2096fada84e3f9df0517c51562fdadf315a845f5",
          "url": "github:NixOS/nixpkgs/060b6d4e71327fc1870f7759fc6980cadc17601c"
        },
        "priority": 5
      },
      "flask-restful": {
        "attr-path": [
          "legacyPackages",
          "aarch64-darwin",
          "python311Packages",
          "flask-restful"
        ],
        "info": {
          "broken": false,
          "description": "Framework for creating REST APIs",
          "license": "BSD-3-Clause",
          "pname": "flask-restful",
          "unfree": false,
          "version": "0.3.10"
        },
        "input": {
          "attrs": {
            "lastModified": 1716576784,
            "narHash": "sha256-zLNbgqclRnQdhp/uw7v0SnSRC9KPECJRMxuxXeWOdkw=",
            "owner": "NixOS",
            "repo": "nixpkgs",
            "rev": "060b6d4e71327fc1870f7759fc6980cadc17601c",
            "type": "github"
          },
          "fingerprint": "008ff148973bd338c38cd51c2096fada84e3f9df0517c51562fdadf315a845f5",
          "url": "github:NixOS/nixpkgs/060b6d4e71327fc1870f7759fc6980cadc17601c"
        },
        "priority": 5
      },
      "flask-sqlalchemy": {
        "attr-path": [
          "legacyPackages",
          "aarch64-darwin",
          "python311Packages",
          "flask-sqlalchemy"
        ],
        "info": {
          "broken": false,
          "description": "SQLAlchemy extension for Flask",
          "license": "BSD-3-Clause",
          "pname": "flask-sqlalchemy",
          "unfree": false,
          "version": "3.1.1"
        },
        "input": {
          "attrs": {
            "lastModified": 1716576784,
            "narHash": "sha256-zLNbgqclRnQdhp/uw7v0SnSRC9KPECJRMxuxXeWOdkw=",
            "owner": "NixOS",
            "repo": "nixpkgs",
            "rev": "060b6d4e71327fc1870f7759fc6980cadc17601c",
            "type": "github"
          },
          "fingerprint": "008ff148973bd338c38cd51c2096fada84e3f9df0517c51562fdadf315a845f5",
          "url": "github:NixOS/nixpkgs/060b6d4e71327fc1870f7759fc6980cadc17601c"
        },
        "priority": 5
      },
      "gnumake": {
        "attr-path": [
          "legacyPackages",
          "aarch64-darwin",
          "gnumake"
        ],
        "info": {
          "broken": false,
          "description": "A tool to control the generation of non-source files from sources",
          "license": "GPL-3.0-or-later",
          "pname": "gnumake",
          "unfree": false,
          "version": "4.4.1"
        },
        "input": {
          "attrs": {
            "lastModified": 1716576784,
            "narHash": "sha256-zLNbgqclRnQdhp/uw7v0SnSRC9KPECJRMxuxXeWOdkw=",
            "owner": "NixOS",
            "repo": "nixpkgs",
            "rev": "060b6d4e71327fc1870f7759fc6980cadc17601c",
            "type": "github"
          },
          "fingerprint": "008ff148973bd338c38cd51c2096fada84e3f9df0517c51562fdadf315a845f5",
          "url": "github:NixOS/nixpkgs/060b6d4e71327fc1870f7759fc6980cadc17601c"
        },
        "priority": 5
      },
      "http-server": {
        "attr-path": [
          "legacyPackages",
          "aarch64-darwin",
          "nodePackages",
          "http-server"
        ],
        "info": {
          "broken": false,
          "description": "A simple zero-configuration command-line http server",
          "license": null,
          "pname": "http-server",
          "unfree": false,
          "version": "14.1.1"
        },
        "input": {
          "attrs": {
            "lastModified": 1716576784,
            "narHash": "sha256-zLNbgqclRnQdhp/uw7v0SnSRC9KPECJRMxuxXeWOdkw=",
            "owner": "NixOS",
            "repo": "nixpkgs",
            "rev": "060b6d4e71327fc1870f7759fc6980cadc17601c",
            "type": "github"
          },
          "fingerprint": "008ff148973bd338c38cd51c2096fada84e3f9df0517c51562fdadf315a845f5",
          "url": "github:NixOS/nixpkgs/060b6d4e71327fc1870f7759fc6980cadc17601c"
        },
        "priority": 5
      },
      "moreutils": {
        "attr-path": [
          "legacyPackages",
          "aarch64-darwin",
          "moreutils"
        ],
        "info": {
          "broken": false,
          "description": "Growing collection of the unix tools that nobody thought to write long ago when unix was young",
          "license": "GPL-2.0-or-later",
          "pname": "moreutils",
          "unfree": false,
          "version": "0.67"
        },
        "input": {
          "attrs": {
            "lastModified": 1716576784,
            "narHash": "sha256-zLNbgqclRnQdhp/uw7v0SnSRC9KPECJRMxuxXeWOdkw=",
            "owner": "NixOS",
            "repo": "nixpkgs",
            "rev": "060b6d4e71327fc1870f7759fc6980cadc17601c",
            "type": "github"
          },
          "fingerprint": "008ff148973bd338c38cd51c2096fada84e3f9df0517c51562fdadf315a845f5",
          "url": "github:NixOS/nixpkgs/060b6d4e71327fc1870f7759fc6980cadc17601c"
        },
        "priority": 5
      },
      "openapi-generator-cli": {
        "attr-path": [
          "legacyPackages",
          "aarch64-darwin",
          "openapi-generator-cli"
        ],
        "info": {
          "broken": false,
          "description": "Allows generation of API client libraries (SDK generation), server stubs and documentation automatically given an OpenAPI Spec",
          "license": "Apache-2.0",
          "pname": "openapi-generator-cli",
          "unfree": false,
          "version": "7.0.1"
        },
        "input": {
          "attrs": {
            "lastModified": 1716576784,
            "narHash": "sha256-zLNbgqclRnQdhp/uw7v0SnSRC9KPECJRMxuxXeWOdkw=",
            "owner": "NixOS",
            "repo": "nixpkgs",
            "rev": "060b6d4e71327fc1870f7759fc6980cadc17601c",
            "type": "github"
          },
          "fingerprint": "008ff148973bd338c38cd51c2096fada84e3f9df0517c51562fdadf315a845f5",
          "url": "github:NixOS/nixpkgs/060b6d4e71327fc1870f7759fc6980cadc17601c"
        },
        "priority": 5
      },
      "pdm": {
        "attr-path": [
          "legacyPackages",
          "aarch64-darwin",
          "pdm"
        ],
        "info": {
          "broken": false,
          "description": "A modern Python package manager with PEP 582 support",
          "license": "MIT",
          "pname": "pdm",
          "unfree": false,
          "version": "2.10.3"
        },
        "input": {
          "attrs": {
            "lastModified": 1716576784,
            "narHash": "sha256-zLNbgqclRnQdhp/uw7v0SnSRC9KPECJRMxuxXeWOdkw=",
            "owner": "NixOS",
            "repo": "nixpkgs",
            "rev": "060b6d4e71327fc1870f7759fc6980cadc17601c",
            "type": "github"
          },
          "fingerprint": "008ff148973bd338c38cd51c2096fada84e3f9df0517c51562fdadf315a845f5",
          "url": "github:NixOS/nixpkgs/060b6d4e71327fc1870f7759fc6980cadc17601c"
        },
        "priority": 5
      },
      "pip": {
        "attr-path": [
          "legacyPackages",
          "aarch64-darwin",
          "python311Packages",
          "pip"
        ],
        "info": {
          "broken": false,
          "description": "The PyPA recommended tool for installing Python packages",
          "license": null,
          "pname": "pip",
          "unfree": false,
          "version": "23.2.1"
        },
        "input": {
          "attrs": {
            "lastModified": 1716576784,
            "narHash": "sha256-zLNbgqclRnQdhp/uw7v0SnSRC9KPECJRMxuxXeWOdkw=",
            "owner": "NixOS",
            "repo": "nixpkgs",
            "rev": "060b6d4e71327fc1870f7759fc6980cadc17601c",
            "type": "github"
          },
          "fingerprint": "008ff148973bd338c38cd51c2096fada84e3f9df0517c51562fdadf315a845f5",
          "url": "github:NixOS/nixpkgs/060b6d4e71327fc1870f7759fc6980cadc17601c"
        },
        "priority": 5
      },
      "pre-commit": {
        "attr-path": [
          "legacyPackages",
          "aarch64-darwin",
          "pre-commit"
        ],
        "info": {
          "broken": false,
          "description": "A framework for managing and maintaining multi-language pre-commit hooks",
          "license": "MIT",
          "pname": "pre-commit",
          "unfree": false,
          "version": "3.3.3"
        },
        "input": {
          "attrs": {
            "lastModified": 1716576784,
            "narHash": "sha256-zLNbgqclRnQdhp/uw7v0SnSRC9KPECJRMxuxXeWOdkw=",
            "owner": "NixOS",
            "repo": "nixpkgs",
            "rev": "060b6d4e71327fc1870f7759fc6980cadc17601c",
            "type": "github"
          },
          "fingerprint": "008ff148973bd338c38cd51c2096fada84e3f9df0517c51562fdadf315a845f5",
          "url": "github:NixOS/nixpkgs/060b6d4e71327fc1870f7759fc6980cadc17601c"
        },
        "priority": 5
      },
      "pycountry": {
        "attr-path": [
          "legacyPackages",
          "aarch64-darwin",
          "python311Packages",
          "pycountry"
        ],
        "info": {
          "broken": false,
          "description": "ISO country, subdivision, language, currency and script definitions and their translations",
          "license": "LGPL-2.0",
          "pname": "pycountry",
          "unfree": false,
          "version": "22.3.5"
        },
        "input": {
          "attrs": {
            "lastModified": 1716576784,
            "narHash": "sha256-zLNbgqclRnQdhp/uw7v0SnSRC9KPECJRMxuxXeWOdkw=",
            "owner": "NixOS",
            "repo": "nixpkgs",
            "rev": "060b6d4e71327fc1870f7759fc6980cadc17601c",
            "type": "github"
          },
          "fingerprint": "008ff148973bd338c38cd51c2096fada84e3f9df0517c51562fdadf315a845f5",
          "url": "github:NixOS/nixpkgs/060b6d4e71327fc1870f7759fc6980cadc17601c"
        },
        "priority": 5
      },
      "pytest": {
        "attr-path": [
          "legacyPackages",
          "aarch64-darwin",
          "python311Packages",
          "pytest"
        ],
        "info": {
          "broken": false,
          "description": "Framework for writing tests",
          "license": "MIT",
          "pname": "pytest",
          "unfree": false,
          "version": "7.4.3"
        },
        "input": {
          "attrs": {
            "lastModified": 1716576784,
            "narHash": "sha256-zLNbgqclRnQdhp/uw7v0SnSRC9KPECJRMxuxXeWOdkw=",
            "owner": "NixOS",
            "repo": "nixpkgs",
            "rev": "060b6d4e71327fc1870f7759fc6980cadc17601c",
            "type": "github"
          },
          "fingerprint": "008ff148973bd338c38cd51c2096fada84e3f9df0517c51562fdadf315a845f5",
          "url": "github:NixOS/nixpkgs/060b6d4e71327fc1870f7759fc6980cadc17601c"
        },
        "priority": 5
      },
      "python311": {
        "attr-path": [
          "legacyPackages",
          "aarch64-darwin",
          "python311"
        ],
        "info": {
          "broken": false,
          "description": "A high-level dynamically-typed programming language",
          "license": "Python-2.0",
          "pname": "python3",
          "unfree": false,
          "version": "3.11.8"
        },
        "input": {
          "attrs": {
            "lastModified": 1716576784,
            "narHash": "sha256-zLNbgqclRnQdhp/uw7v0SnSRC9KPECJRMxuxXeWOdkw=",
            "owner": "NixOS",
            "repo": "nixpkgs",
            "rev": "060b6d4e71327fc1870f7759fc6980cadc17601c",
            "type": "github"
          },
          "fingerprint": "008ff148973bd338c38cd51c2096fada84e3f9df0517c51562fdadf315a845f5",
          "url": "github:NixOS/nixpkgs/060b6d4e71327fc1870f7759fc6980cadc17601c"
        },
        "priority": 5
      },
      "requests": {
        "attr-path": [
          "legacyPackages",
          "aarch64-darwin",
          "python311Packages",
          "requests"
        ],
        "info": {
          "broken": false,
          "description": "HTTP library for Python",
          "license": "Apache-2.0",
          "pname": "requests",
          "unfree": false,
          "version": "2.31.0"
        },
        "input": {
          "attrs": {
            "lastModified": 1716576784,
            "narHash": "sha256-zLNbgqclRnQdhp/uw7v0SnSRC9KPECJRMxuxXeWOdkw=",
            "owner": "NixOS",
            "repo": "nixpkgs",
            "rev": "060b6d4e71327fc1870f7759fc6980cadc17601c",
            "type": "github"
          },
          "fingerprint": "008ff148973bd338c38cd51c2096fada84e3f9df0517c51562fdadf315a845f5",
          "url": "github:NixOS/nixpkgs/060b6d4e71327fc1870f7759fc6980cadc17601c"
        },
        "priority": 5
      },
      "sqlalchemy": {
        "attr-path": [
          "legacyPackages",
          "aarch64-darwin",
          "python311Packages",
          "sqlalchemy"
        ],
        "info": {
          "broken": false,
          "description": "The Python SQL toolkit and Object Relational Mapper",
          "license": "MIT",
          "pname": "SQLAlchemy",
          "unfree": false,
          "version": "2.0.21"
        },
        "input": {
          "attrs": {
            "lastModified": 1716576784,
            "narHash": "sha256-zLNbgqclRnQdhp/uw7v0SnSRC9KPECJRMxuxXeWOdkw=",
            "owner": "NixOS",
            "repo": "nixpkgs",
            "rev": "060b6d4e71327fc1870f7759fc6980cadc17601c",
            "type": "github"
          },
          "fingerprint": "008ff148973bd338c38cd51c2096fada84e3f9df0517c51562fdadf315a845f5",
          "url": "github:NixOS/nixpkgs/060b6d4e71327fc1870f7759fc6980cadc17601c"
        },
        "priority": 5
      },
      "sqlite": {
        "attr-path": [
          "legacyPackages",
          "aarch64-darwin",
          "sqlite"
        ],
        "info": {
          "broken": false,
          "description": "A self-contained, serverless, zero-configuration, transactional SQL database engine",
          "license": null,
          "pname": "sqlite",
          "unfree": false,
          "version": "3.43.2"
        },
        "input": {
          "attrs": {
            "lastModified": 1716576784,
            "narHash": "sha256-zLNbgqclRnQdhp/uw7v0SnSRC9KPECJRMxuxXeWOdkw=",
            "owner": "NixOS",
            "repo": "nixpkgs",
            "rev": "060b6d4e71327fc1870f7759fc6980cadc17601c",
            "type": "github"
          },
          "fingerprint": "008ff148973bd338c38cd51c2096fada84e3f9df0517c51562fdadf315a845f5",
          "url": "github:NixOS/nixpkgs/060b6d4e71327fc1870f7759fc6980cadc17601c"
        },
        "priority": 5
      }
    },
    "x86_64-darwin": {
      "act": {
        "attr-path": [
          "legacyPackages",
          "x86_64-darwin",
          "act"
        ],
        "info": {
          "broken": false,
          "description": "Run your GitHub Actions locally",
          "license": "MIT",
          "pname": "act",
          "unfree": false,
          "version": "0.2.54"
        },
        "input": {
          "attrs": {
            "lastModified": 1716576784,
            "narHash": "sha256-zLNbgqclRnQdhp/uw7v0SnSRC9KPECJRMxuxXeWOdkw=",
            "owner": "NixOS",
            "repo": "nixpkgs",
            "rev": "060b6d4e71327fc1870f7759fc6980cadc17601c",
            "type": "github"
          },
          "fingerprint": "008ff148973bd338c38cd51c2096fada84e3f9df0517c51562fdadf315a845f5",
          "url": "github:NixOS/nixpkgs/060b6d4e71327fc1870f7759fc6980cadc17601c"
        },
        "priority": 5
      },
      "alembic": {
        "attr-path": [
          "legacyPackages",
          "x86_64-darwin",
          "python311Packages",
          "alembic"
        ],
        "info": {
          "broken": false,
          "description": "A database migration tool for SQLAlchemy",
          "license": "MIT",
          "pname": "alembic",
          "unfree": false,
          "version": "1.12.0"
        },
        "input": {
          "attrs": {
            "lastModified": 1716576784,
            "narHash": "sha256-zLNbgqclRnQdhp/uw7v0SnSRC9KPECJRMxuxXeWOdkw=",
            "owner": "NixOS",
            "repo": "nixpkgs",
            "rev": "060b6d4e71327fc1870f7759fc6980cadc17601c",
            "type": "github"
          },
          "fingerprint": "008ff148973bd338c38cd51c2096fada84e3f9df0517c51562fdadf315a845f5",
          "url": "github:NixOS/nixpkgs/060b6d4e71327fc1870f7759fc6980cadc17601c"
        },
        "priority": 5
      },
      "beautifulsoup4": {
        "attr-path": [
          "legacyPackages",
          "x86_64-darwin",
          "python311Packages",
          "beautifulsoup4"
        ],
        "info": {
          "broken": false,
          "description": "HTML and XML parser",
          "license": "MIT",
          "pname": "beautifulsoup4",
          "unfree": false,
          "version": "4.12.2"
        },
        "input": {
          "attrs": {
            "lastModified": 1716576784,
            "narHash": "sha256-zLNbgqclRnQdhp/uw7v0SnSRC9KPECJRMxuxXeWOdkw=",
            "owner": "NixOS",
            "repo": "nixpkgs",
            "rev": "060b6d4e71327fc1870f7759fc6980cadc17601c",
            "type": "github"
          },
          "fingerprint": "008ff148973bd338c38cd51c2096fada84e3f9df0517c51562fdadf315a845f5",
          "url": "github:NixOS/nixpkgs/060b6d4e71327fc1870f7759fc6980cadc17601c"
        },
        "priority": 5
      },
      "flask": {
        "attr-path": [
          "legacyPackages",
          "x86_64-darwin",
          "python311Packages",
          "flask"
        ],
        "info": {
          "broken": false,
          "description": "The Python micro framework for building web applications",
          "license": "BSD-3-Clause",
          "pname": "flask",
          "unfree": false,
          "version": "2.3.3"
        },
        "input": {
          "attrs": {
            "lastModified": 1716576784,
            "narHash": "sha256-zLNbgqclRnQdhp/uw7v0SnSRC9KPECJRMxuxXeWOdkw=",
            "owner": "NixOS",
            "repo": "nixpkgs",
            "rev": "060b6d4e71327fc1870f7759fc6980cadc17601c",
            "type": "github"
          },
          "fingerprint": "008ff148973bd338c38cd51c2096fada84e3f9df0517c51562fdadf315a845f5",
          "url": "github:NixOS/nixpkgs/060b6d4e71327fc1870f7759fc6980cadc17601c"
        },
        "priority": 5
      },
      "flask-cors": {
        "attr-path": [
          "legacyPackages",
          "x86_64-darwin",
          "python311Packages",
          "flask-cors"
        ],
        "info": {
          "broken": false,
          "description": "A Flask extension adding a decorator for CORS support",
          "license": null,
          "pname": "flask-cors",
          "unfree": false,
          "version": "4.0.0"
        },
        "input": {
          "attrs": {
            "lastModified": 1716576784,
            "narHash": "sha256-zLNbgqclRnQdhp/uw7v0SnSRC9KPECJRMxuxXeWOdkw=",
            "owner": "NixOS",
            "repo": "nixpkgs",
            "rev": "060b6d4e71327fc1870f7759fc6980cadc17601c",
            "type": "github"
          },
          "fingerprint": "008ff148973bd338c38cd51c2096fada84e3f9df0517c51562fdadf315a845f5",
          "url": "github:NixOS/nixpkgs/060b6d4e71327fc1870f7759fc6980cadc17601c"
        },
        "priority": 5
      },
      "flask-restful": {
        "attr-path": [
          "legacyPackages",
          "x86_64-darwin",
          "python311Packages",
          "flask-restful"
        ],
        "info": {
          "broken": false,
          "description": "Framework for creating REST APIs",
          "license": "BSD-3-Clause",
          "pname": "flask-restful",
          "unfree": false,
          "version": "0.3.10"
        },
        "input": {
          "attrs": {
            "lastModified": 1716576784,
            "narHash": "sha256-zLNbgqclRnQdhp/uw7v0SnSRC9KPECJRMxuxXeWOdkw=",
            "owner": "NixOS",
            "repo": "nixpkgs",
            "rev": "060b6d4e71327fc1870f7759fc6980cadc17601c",
            "type": "github"
          },
          "fingerprint": "008ff148973bd338c38cd51c2096fada84e3f9df0517c51562fdadf315a845f5",
          "url": "github:NixOS/nixpkgs/060b6d4e71327fc1870f7759fc6980cadc17601c"
        },
        "priority": 5
      },
      "flask-sqlalchemy": {
        "attr-path": [
          "legacyPackages",
          "x86_64-darwin",
          "python311Packages",
          "flask-sqlalchemy"
        ],
        "info": {
          "broken": false,
          "description": "SQLAlchemy extension for Flask",
          "license": "BSD-3-Clause",
          "pname": "flask-sqlalchemy",
          "unfree": false,
          "version": "3.1.1"
        },
        "input": {
          "attrs": {
            "lastModified": 1716576784,
            "narHash": "sha256-zLNbgqclRnQdhp/uw7v0SnSRC9KPECJRMxuxXeWOdkw=",
            "owner": "NixOS",
            "repo": "nixpkgs",
            "rev": "060b6d4e71327fc1870f7759fc6980cadc17601c",
            "type": "github"
          },
          "fingerprint": "008ff148973bd338c38cd51c2096fada84e3f9df0517c51562fdadf315a845f5",
          "url": "github:NixOS/nixpkgs/060b6d4e71327fc1870f7759fc6980cadc17601c"
        },
        "priority": 5
      },
      "gnumake": {
        "attr-path": [
          "legacyPackages",
          "x86_64-darwin",
          "gnumake"
        ],
        "info": {
          "broken": false,
          "description": "A tool to control the generation of non-source files from sources",
          "license": "GPL-3.0-or-later",
          "pname": "gnumake",
          "unfree": false,
          "version": "4.4.1"
        },
        "input": {
          "attrs": {
            "lastModified": 1716576784,
            "narHash": "sha256-zLNbgqclRnQdhp/uw7v0SnSRC9KPECJRMxuxXeWOdkw=",
            "owner": "NixOS",
            "repo": "nixpkgs",
            "rev": "060b6d4e71327fc1870f7759fc6980cadc17601c",
            "type": "github"
          },
          "fingerprint": "008ff148973bd338c38cd51c2096fada84e3f9df0517c51562fdadf315a845f5",
          "url": "github:NixOS/nixpkgs/060b6d4e71327fc1870f7759fc6980cadc17601c"
        },
        "priority": 5
      },
      "http-server": {
        "attr-path": [
          "legacyPackages",
          "x86_64-darwin",
          "nodePackages",
          "http-server"
        ],
        "info": {
          "broken": false,
          "description": "A simple zero-configuration command-line http server",
          "license": null,
          "pname": "http-server",
          "unfree": false,
          "version": "14.1.1"
        },
        "input": {
          "attrs": {
            "lastModified": 1716576784,
            "narHash": "sha256-zLNbgqclRnQdhp/uw7v0SnSRC9KPECJRMxuxXeWOdkw=",
            "owner": "NixOS",
            "repo": "nixpkgs",
            "rev": "060b6d4e71327fc1870f7759fc6980cadc17601c",
            "type": "github"
          },
          "fingerprint": "008ff148973bd338c38cd51c2096fada84e3f9df0517c51562fdadf315a845f5",
          "url": "github:NixOS/nixpkgs/060b6d4e71327fc1870f7759fc6980cadc17601c"
        },
        "priority": 5
      },
      "moreutils": {
        "attr-path": [
          "legacyPackages",
          "x86_64-darwin",
          "moreutils"
        ],
        "info": {
          "broken": false,
          "description": "Growing collection of the unix tools that nobody thought to write long ago when unix was young",
          "license": "GPL-2.0-or-later",
          "pname": "moreutils",
          "unfree": false,
          "version": "0.67"
        },
        "input": {
          "attrs": {
            "lastModified": 1716576784,
            "narHash": "sha256-zLNbgqclRnQdhp/uw7v0SnSRC9KPECJRMxuxXeWOdkw=",
            "owner": "NixOS",
            "repo": "nixpkgs",
            "rev": "060b6d4e71327fc1870f7759fc6980cadc17601c",
            "type": "github"
          },
          "fingerprint": "008ff148973bd338c38cd51c2096fada84e3f9df0517c51562fdadf315a845f5",
          "url": "github:NixOS/nixpkgs/060b6d4e71327fc1870f7759fc6980cadc17601c"
        },
        "priority": 5
      },
      "openapi-generator-cli": {
        "attr-path": [
          "legacyPackages",
          "x86_64-darwin",
          "openapi-generator-cli"
        ],
        "info": {
          "broken": false,
          "description": "Allows generation of API client libraries (SDK generation), server stubs and documentation automatically given an OpenAPI Spec",
          "license": "Apache-2.0",
          "pname": "openapi-generator-cli",
          "unfree": false,
          "version": "7.0.1"
        },
        "input": {
          "attrs": {
            "lastModified": 1716576784,
            "narHash": "sha256-zLNbgqclRnQdhp/uw7v0SnSRC9KPECJRMxuxXeWOdkw=",
            "owner": "NixOS",
            "repo": "nixpkgs",
            "rev": "060b6d4e71327fc1870f7759fc6980cadc17601c",
            "type": "github"
          },
          "fingerprint": "008ff148973bd338c38cd51c2096fada84e3f9df0517c51562fdadf315a845f5",
          "url": "github:NixOS/nixpkgs/060b6d4e71327fc1870f7759fc6980cadc17601c"
        },
        "priority": 5
      },
      "pdm": {
        "attr-path": [
          "legacyPackages",
          "x86_64-darwin",
          "pdm"
        ],
        "info": {
          "broken": false,
          "description": "A modern Python package manager with PEP 582 support",
          "license": "MIT",
          "pname": "pdm",
          "unfree": false,
          "version": "2.10.3"
        },
        "input": {
          "attrs": {
            "lastModified": 1716576784,
            "narHash": "sha256-zLNbgqclRnQdhp/uw7v0SnSRC9KPECJRMxuxXeWOdkw=",
            "owner": "NixOS",
            "repo": "nixpkgs",
            "rev": "060b6d4e71327fc1870f7759fc6980cadc17601c",
            "type": "github"
          },
          "fingerprint": "008ff148973bd338c38cd51c2096fada84e3f9df0517c51562fdadf315a845f5",
          "url": "github:NixOS/nixpkgs/060b6d4e71327fc1870f7759fc6980cadc17601c"
        },
        "priority": 5
      },
      "pip": {
        "attr-path": [
          "legacyPackages",
          "x86_64-darwin",
          "python311Packages",
          "pip"
        ],
        "info": {
          "broken": false,
          "description": "The PyPA recommended tool for installing Python packages",
          "license": null,
          "pname": "pip",
          "unfree": false,
          "version": "23.2.1"
        },
        "input": {
          "attrs": {
            "lastModified": 1716576784,
            "narHash": "sha256-zLNbgqclRnQdhp/uw7v0SnSRC9KPECJRMxuxXeWOdkw=",
            "owner": "NixOS",
            "repo": "nixpkgs",
            "rev": "060b6d4e71327fc1870f7759fc6980cadc17601c",
            "type": "github"
          },
          "fingerprint": "008ff148973bd338c38cd51c2096fada84e3f9df0517c51562fdadf315a845f5",
          "url": "github:NixOS/nixpkgs/060b6d4e71327fc1870f7759fc6980cadc17601c"
        },
        "priority": 5
      },
      "pre-commit": {
        "attr-path": [
          "legacyPackages",
          "x86_64-darwin",
          "pre-commit"
        ],
        "info": {
          "broken": false,
          "description": "A framework for managing and maintaining multi-language pre-commit hooks",
          "license": "MIT",
          "pname": "pre-commit",
          "unfree": false,
          "version": "3.3.3"
        },
        "input": {
          "attrs": {
            "lastModified": 1716576784,
            "narHash": "sha256-zLNbgqclRnQdhp/uw7v0SnSRC9KPECJRMxuxXeWOdkw=",
            "owner": "NixOS",
            "repo": "nixpkgs",
            "rev": "060b6d4e71327fc1870f7759fc6980cadc17601c",
            "type": "github"
          },
          "fingerprint": "008ff148973bd338c38cd51c2096fada84e3f9df0517c51562fdadf315a845f5",
          "url": "github:NixOS/nixpkgs/060b6d4e71327fc1870f7759fc6980cadc17601c"
        },
        "priority": 5
      },
      "pycountry": {
        "attr-path": [
          "legacyPackages",
          "x86_64-darwin",
          "python311Packages",
          "pycountry"
        ],
        "info": {
          "broken": false,
          "description": "ISO country, subdivision, language, currency and script definitions and their translations",
          "license": "LGPL-2.0",
          "pname": "pycountry",
          "unfree": false,
          "version": "22.3.5"
        },
        "input": {
          "attrs": {
            "lastModified": 1716576784,
            "narHash": "sha256-zLNbgqclRnQdhp/uw7v0SnSRC9KPECJRMxuxXeWOdkw=",
            "owner": "NixOS",
            "repo": "nixpkgs",
            "rev": "060b6d4e71327fc1870f7759fc6980cadc17601c",
            "type": "github"
          },
          "fingerprint": "008ff148973bd338c38cd51c2096fada84e3f9df0517c51562fdadf315a845f5",
          "url": "github:NixOS/nixpkgs/060b6d4e71327fc1870f7759fc6980cadc17601c"
        },
        "priority": 5
      },
      "pytest": {
        "attr-path": [
          "legacyPackages",
          "x86_64-darwin",
          "python311Packages",
          "pytest"
        ],
        "info": {
          "broken": false,
          "description": "Framework for writing tests",
          "license": "MIT",
          "pname": "pytest",
          "unfree": false,
          "version": "7.4.3"
        },
        "input": {
          "attrs": {
            "lastModified": 1716576784,
            "narHash": "sha256-zLNbgqclRnQdhp/uw7v0SnSRC9KPECJRMxuxXeWOdkw=",
            "owner": "NixOS",
            "repo": "nixpkgs",
            "rev": "060b6d4e71327fc1870f7759fc6980cadc17601c",
            "type": "github"
          },
          "fingerprint": "008ff148973bd338c38cd51c2096fada84e3f9df0517c51562fdadf315a845f5",
          "url": "github:NixOS/nixpkgs/060b6d4e71327fc1870f7759fc6980cadc17601c"
        },
        "priority": 5
      },
      "python311": {
        "attr-path": [
          "legacyPackages",
          "x86_64-darwin",
          "python311"
        ],
        "info": {
          "broken": false,
          "description": "A high-level dynamically-typed programming language",
          "license": "Python-2.0",
          "pname": "python3",
          "unfree": false,
          "version": "3.11.8"
        },
        "input": {
          "attrs": {
            "lastModified": 1716576784,
            "narHash": "sha256-zLNbgqclRnQdhp/uw7v0SnSRC9KPECJRMxuxXeWOdkw=",
            "owner": "NixOS",
            "repo": "nixpkgs",
            "rev": "060b6d4e71327fc1870f7759fc6980cadc17601c",
            "type": "github"
          },
          "fingerprint": "008ff148973bd338c38cd51c2096fada84e3f9df0517c51562fdadf315a845f5",
          "url": "github:NixOS/nixpkgs/060b6d4e71327fc1870f7759fc6980cadc17601c"
        },
        "priority": 5
      },
      "requests": {
        "attr-path": [
          "legacyPackages",
          "x86_64-darwin",
          "python311Packages",
          "requests"
        ],
        "info": {
          "broken": false,
          "description": "HTTP library for Python",
          "license": "Apache-2.0",
          "pname": "requests",
          "unfree": false,
          "version": "2.31.0"
        },
        "input": {
          "attrs": {
            "lastModified": 1716576784,
            "narHash": "sha256-zLNbgqclRnQdhp/uw7v0SnSRC9KPECJRMxuxXeWOdkw=",
            "owner": "NixOS",
            "repo": "nixpkgs",
            "rev": "060b6d4e71327fc1870f7759fc6980cadc17601c",
            "type": "github"
          },
          "fingerprint": "008ff148973bd338c38cd51c2096fada84e3f9df0517c51562fdadf315a845f5",
          "url": "github:NixOS/nixpkgs/060b6d4e71327fc1870f7759fc6980cadc17601c"
        },
        "priority": 5
      },
      "sqlalchemy": {
        "attr-path": [
          "legacyPackages",
          "x86_64-darwin",
          "python311Packages",
          "sqlalchemy"
        ],
        "info": {
          "broken": false,
          "description": "The Python SQL toolkit and Object Relational Mapper",
          "license": "MIT",
          "pname": "SQLAlchemy",
          "unfree": false,
          "version": "2.0.21"
        },
        "input": {
          "attrs": {
            "lastModified": 1716576784,
            "narHash": "sha256-zLNbgqclRnQdhp/uw7v0SnSRC9KPECJRMxuxXeWOdkw=",
            "owner": "NixOS",
            "repo": "nixpkgs",
            "rev": "060b6d4e71327fc1870f7759fc6980cadc17601c",
            "type": "github"
          },
          "fingerprint": "008ff148973bd338c38cd51c2096fada84e3f9df0517c51562fdadf315a845f5",
          "url": "github:NixOS/nixpkgs/060b6d4e71327fc1870f7759fc6980cadc17601c"
        },
        "priority": 5
      },
      "sqlite": {
        "attr-path": [
          "legacyPackages",
          "x86_64-darwin",
          "sqlite"
        ],
        "info": {
          "broken": false,
          "description": "A self-contained, serverless, zero-configuration, transactional SQL database engine",
          "license": null,
          "pname": "sqlite",
          "unfree": false,
          "version": "3.43.2"
        },
        "input": {
          "attrs": {
            "lastModified": 1716576784,
            "narHash": "sha256-zLNbgqclRnQdhp/uw7v0SnSRC9KPECJRMxuxXeWOdkw=",
            "owner": "NixOS",
            "repo": "nixpkgs",
            "rev": "060b6d4e71327fc1870f7759fc6980cadc17601c",
            "type": "github"
          },
          "fingerprint": "008ff148973bd338c38cd51c2096fada84e3f9df0517c51562fdadf315a845f5",
          "url": "github:NixOS/nixpkgs/060b6d4e71327fc1870f7759fc6980cadc17601c"
        },
        "priority": 5
      }
    }
  },
  "registry": {
    "defaults": {
      "subtrees": null
    },
    "inputs": {
      "nixpkgs": {
        "from": {
          "lastModified": 1716576784,
          "narHash": "sha256-zLNbgqclRnQdhp/uw7v0SnSRC9KPECJRMxuxXeWOdkw=",
          "owner": "NixOS",
          "repo": "nixpkgs",
          "rev": "060b6d4e71327fc1870f7759fc6980cadc17601c",
          "type": "github"
        },
        "subtrees": [
          "legacyPackages"
        ]
      }
    },
    "priority": [
      "nixpkgs"
    ]
  }
}
